
Microsoft Visual Studio Solution File, Format Version 12.00
# Visual Studio 2013
VisualStudioVersion = 12.0.21005.1
MinimumVisualStudioVersion = 10.0.40219.1
Project("{E24C65DC-7377-472B-9ABA-BC803B73C61A}") = "二手闲置购物网站", "http://localhost:27260", "{B0DAC326-4EF1-4827-B0F2-7421F2114860}"
	ProjectSection(WebsiteProperties) = preProject
		UseIISExpress = "true"
		TargetFrameworkMoniker = ".NETFramework,Version%3Dv4.5"
		Debug.AspNetCompiler.VirtualPath = "/localhost_27260"
		Debug.AspNetCompiler.PhysicalPath = "..\..\..\..\Desktop\二手闲置购物网站\"
		Debug.AspNetCompiler.TargetPath = "PrecompiledWeb\localhost_27260\"
		Debug.AspNetCompiler.Updateable = "true"
		Debug.AspNetCompiler.ForceOverwrite = "true"
		Debug.AspNetCompiler.FixedNames = "false"
		Debug.AspNetCompiler.Debug = "True"
		Release.AspNetCompiler.VirtualPath = "/localhost_27260"
		Release.AspNetCompiler.PhysicalPath = "..\..\..\..\Desktop\二手闲置购物网站\"
		Release.AspNetCompiler.TargetPath = "PrecompiledWeb\localhost_27260\"
		Release.AspNetCompiler.Updateable = "true"
		Release.AspNetCompiler.ForceOverwrite = "true"
		Release.AspNetCompiler.FixedNames = "false"
		Release.AspNetCompiler.Debug = "False"
		SlnRelativePath = "..\..\..\..\Desktop\二手闲置购物网站\"
	EndProjectSection
EndProject
Global
	GlobalSection(SolutionConfigurationPlatforms) = preSolution
		Debug|Any CPU = Debug|Any CPU
	EndGlobalSection
	GlobalSection(ProjectConfigurationPlatforms) = postSolution
		{B0DAC326-4EF1-4827-B0F2-7421F2114860}.Debug|Any CPU.ActiveCfg = Debug|Any CPU
		{B0DAC326-4EF1-4827-B0F2-7421F2114860}.Debug|Any CPU.Build.0 = Debug|Any CPU
	EndGlobalSection
	GlobalSection(SolutionProperties) = preSolution
		HideSolutionNode = FALSE
	EndGlobalSection
EndGlobal
